// !$*UTF8*$!
{
	archiveVersion = 1;
	classes = {
	};
	objectVersion = 50;
	objects = {

/* Begin PBXBuildFile section */
		5CB6456621CCCFE30095DE78 /* AppDelegate.swift in Sources */ = {isa = PBXBuildFile; fileRef = 5CB6456521CCCFE30095DE78 /* AppDelegate.swift */; };
		5CB6456821CCCFE30095DE78 /* ViewController.swift in Sources */ = {isa = PBXBuildFile; fileRef = 5CB6456721CCCFE30095DE78 /* ViewController.swift */; };
		5CB6456B21CCCFE30095DE78 /* Main.storyboard in Resources */ = {isa = PBXBuildFile; fileRef = 5CB6456921CCCFE30095DE78 /* Main.storyboard */; };
		5CB6456D21CCCFE60095DE78 /* Assets.xcassets in Resources */ = {isa = PBXBuildFile; fileRef = 5CB6456C21CCCFE60095DE78 /* Assets.xcassets */; };
		5CB6457021CCCFE60095DE78 /* LaunchScreen.storyboard in Resources */ = {isa = PBXBuildFile; fileRef = 5CB6456E21CCCFE60095DE78 /* LaunchScreen.storyboard */; };
		5CB6457B21CCCFE60095DE78 /* SwiftAPIClientTests.swift in Sources */ = {isa = PBXBuildFile; fileRef = 5CB6457A21CCCFE60095DE78 /* SwiftAPIClientTests.swift */; };
		5CB6458821CD23630095DE78 /* User.swift in Sources */ = {isa = PBXBuildFile; fileRef = 5CB6458721CD23630095DE78 /* User.swift */; };
		5CB6458C21CE41950095DE78 /* APIUser.swift in Sources */ = {isa = PBXBuildFile; fileRef = 5CB6458B21CE41950095DE78 /* APIUser.swift */; };
		5CB6458E21CE43910095DE78 /* API.swift in Sources */ = {isa = PBXBuildFile; fileRef = 5CB6458D21CE43910095DE78 /* API.swift */; };
		5CB6459321D1FD5A0095DE78 /* UserFormViewController.swift in Sources */ = {isa = PBXBuildFile; fileRef = 5CB6459221D1FD5A0095DE78 /* UserFormViewController.swift */; };
		5CB6459521D246290095DE78 /* UserDetailViewController.swift in Sources */ = {isa = PBXBuildFile; fileRef = 5CB6459421D246290095DE78 /* UserDetailViewController.swift */; };
		BE1449CD6CD55CECF48C5BE0 /* Pods_SwiftAPIClient.framework in Frameworks */ = {isa = PBXBuildFile; fileRef = EA250CC7119C1AFC48E20511 /* Pods_SwiftAPIClient.framework */; };
		C10BC8963590D4570484BB09 /* Pods_SwiftAPIClientTests.framework in Frameworks */ = {isa = PBXBuildFile; fileRef = 89558A34D18BBCCE5C6320AA /* Pods_SwiftAPIClientTests.framework */; };
/* End PBXBuildFile section */

/* Begin PBXContainerItemProxy section */
		5CB6457721CCCFE60095DE78 /* PBXContainerItemProxy */ = {
			isa = PBXContainerItemProxy;
			containerPortal = 5CB6455A21CCCFE30095DE78 /* Project object */;
			proxyType = 1;
			remoteGlobalIDString = 5CB6456121CCCFE30095DE78;
			remoteInfo = SwiftAPIClient;
		};
/* End PBXContainerItemProxy section */

/* Begin PBXFileReference section */
		1DDC06CA753E1C70F8B91984 /* Pods-SwiftAPIClient.release.xcconfig */ = {isa = PBXFileReference; includeInIndex = 1; lastKnownFileType = text.xcconfig; name = "Pods-SwiftAPIClient.release.xcconfig"; path = "Pods/Target Support Files/Pods-SwiftAPIClient/Pods-SwiftAPIClient.release.xcconfig"; sourceTree = "<group>"; };
		5CB6456221CCCFE30095DE78 /* SwiftAPIClient.app */ = {isa = PBXFileReference; explicitFileType = wrapper.application; includeInIndex = 0; path = SwiftAPIClient.app; sourceTree = BUILT_PRODUCTS_DIR; };
		5CB6456521CCCFE30095DE78 /* AppDelegate.swift */ = {isa = PBXFileReference; lastKnownFileType = sourcecode.swift; path = AppDelegate.swift; sourceTree = "<group>"; };
		5CB6456721CCCFE30095DE78 /* ViewController.swift */ = {isa = PBXFileReference; lastKnownFileType = sourcecode.swift; path = ViewController.swift; sourceTree = "<group>"; };
		5CB6456A21CCCFE30095DE78 /* Base */ = {isa = PBXFileReference; lastKnownFileType = file.storyboard; name = Base; path = Base.lproj/Main.storyboard; sourceTree = "<group>"; };
		5CB6456C21CCCFE60095DE78 /* Assets.xcassets */ = {isa = PBXFileReference; lastKnownFileType = folder.assetcatalog; path = Assets.xcassets; sourceTree = "<group>"; };
		5CB6456F21CCCFE60095DE78 /* Base */ = {isa = PBXFileReference; lastKnownFileType = file.storyboard; name = Base; path = Base.lproj/LaunchScreen.storyboard; sourceTree = "<group>"; };
		5CB6457121CCCFE60095DE78 /* Info.plist */ = {isa = PBXFileReference; lastKnownFileType = text.plist.xml; path = Info.plist; sourceTree = "<group>"; };
		5CB6457621CCCFE60095DE78 /* SwiftAPIClientTests.xctest */ = {isa = PBXFileReference; explicitFileType = wrapper.cfbundle; includeInIndex = 0; path = SwiftAPIClientTests.xctest; sourceTree = BUILT_PRODUCTS_DIR; };
		5CB6457A21CCCFE60095DE78 /* SwiftAPIClientTests.swift */ = {isa = PBXFileReference; lastKnownFileType = sourcecode.swift; path = SwiftAPIClientTests.swift; sourceTree = "<group>"; };
		5CB6457C21CCCFE60095DE78 /* Info.plist */ = {isa = PBXFileReference; lastKnownFileType = text.plist.xml; path = Info.plist; sourceTree = "<group>"; };
		5CB6458721CD23630095DE78 /* User.swift */ = {isa = PBXFileReference; lastKnownFileType = sourcecode.swift; path = User.swift; sourceTree = "<group>"; };
		5CB6458B21CE41950095DE78 /* APIUser.swift */ = {isa = PBXFileReference; lastKnownFileType = sourcecode.swift; path = APIUser.swift; sourceTree = "<group>"; };
		5CB6458D21CE43910095DE78 /* API.swift */ = {isa = PBXFileReference; lastKnownFileType = sourcecode.swift; path = API.swift; sourceTree = "<group>"; };
		5CB6459221D1FD5A0095DE78 /* UserFormViewController.swift */ = {isa = PBXFileReference; lastKnownFileType = sourcecode.swift; path = UserFormViewController.swift; sourceTree = "<group>"; };
		5CB6459421D246290095DE78 /* UserDetailViewController.swift */ = {isa = PBXFileReference; lastKnownFileType = sourcecode.swift; path = UserDetailViewController.swift; sourceTree = "<group>"; };
		67641883318E5A97BB8D15CD /* Pods-SwiftAPIClient.debug.xcconfig */ = {isa = PBXFileReference; includeInIndex = 1; lastKnownFileType = text.xcconfig; name = "Pods-SwiftAPIClient.debug.xcconfig"; path = "Pods/Target Support Files/Pods-SwiftAPIClient/Pods-SwiftAPIClient.debug.xcconfig"; sourceTree = "<group>"; };
		7A84E8F847535A7FAB653D15 /* Pods-SwiftAPIClientTests.release.xcconfig */ = {isa = PBXFileReference; includeInIndex = 1; lastKnownFileType = text.xcconfig; name = "Pods-SwiftAPIClientTests.release.xcconfig"; path = "Pods/Target Support Files/Pods-SwiftAPIClientTests/Pods-SwiftAPIClientTests.release.xcconfig"; sourceTree = "<group>"; };
		89558A34D18BBCCE5C6320AA /* Pods_SwiftAPIClientTests.framework */ = {isa = PBXFileReference; explicitFileType = wrapper.framework; includeInIndex = 0; path = Pods_SwiftAPIClientTests.framework; sourceTree = BUILT_PRODUCTS_DIR; };
		C8C5E7F0143DDDF37A4B58C2 /* Pods-SwiftAPIClientTests.debug.xcconfig */ = {isa = PBXFileReference; includeInIndex = 1; lastKnownFileType = text.xcconfig; name = "Pods-SwiftAPIClientTests.debug.xcconfig"; path = "Pods/Target Support Files/Pods-SwiftAPIClientTests/Pods-SwiftAPIClientTests.debug.xcconfig"; sourceTree = "<group>"; };
		EA250CC7119C1AFC48E20511 /* Pods_SwiftAPIClient.framework */ = {isa = PBXFileReference; explicitFileType = wrapper.framework; includeInIndex = 0; path = Pods_SwiftAPIClient.framework; sourceTree = BUILT_PRODUCTS_DIR; };
/* End PBXFileReference section */

/* Begin PBXFrameworksBuildPhase section */
		5CB6455F21CCCFE30095DE78 /* Frameworks */ = {
			isa = PBXFrameworksBuildPhase;
			buildActionMask = 2147483647;
			files = (
				BE1449CD6CD55CECF48C5BE0 /* Pods_SwiftAPIClient.framework in Frameworks */,
			);
			runOnlyForDeploymentPostprocessing = 0;
		};
		5CB6457321CCCFE60095DE78 /* Frameworks */ = {
			isa = PBXFrameworksBuildPhase;
			buildActionMask = 2147483647;
			files = (
				C10BC8963590D4570484BB09 /* Pods_SwiftAPIClientTests.framework in Frameworks */,
			);
			runOnlyForDeploymentPostprocessing = 0;
		};
/* End PBXFrameworksBuildPhase section */

/* Begin PBXGroup section */
		5CB6455921CCCFE30095DE78 = {
			isa = PBXGroup;
			children = (
				5CB6456421CCCFE30095DE78 /* SwiftAPIClient */,
				5CB6457921CCCFE60095DE78 /* SwiftAPIClientTests */,
				5CB6456321CCCFE30095DE78 /* Products */,
				C09FF41F009BDCB05A041522 /* Pods */,
				7A3CCB85372E1B239E014196 /* Frameworks */,
			);
			sourceTree = "<group>";
		};
		5CB6456321CCCFE30095DE78 /* Products */ = {
			isa = PBXGroup;
			children = (
				5CB6456221CCCFE30095DE78 /* SwiftAPIClient.app */,
				5CB6457621CCCFE60095DE78 /* SwiftAPIClientTests.xctest */,
			);
			name = Products;
			sourceTree = "<group>";
		};
		5CB6456421CCCFE30095DE78 /* SwiftAPIClient */ = {
			isa = PBXGroup;
			children = (
				5CB6459121D1FD290095DE78 /* Views */,
				5CB6458A21CE353C0095DE78 /* API */,
				5CB6458621CD233B0095DE78 /* Models */,
				5CB6456521CCCFE30095DE78 /* AppDelegate.swift */,
				5CB6456721CCCFE30095DE78 /* ViewController.swift */,
				5CB6456921CCCFE30095DE78 /* Main.storyboard */,
				5CB6456C21CCCFE60095DE78 /* Assets.xcassets */,
				5CB6456E21CCCFE60095DE78 /* LaunchScreen.storyboard */,
				5CB6457121CCCFE60095DE78 /* Info.plist */,
			);
			path = SwiftAPIClient;
			sourceTree = "<group>";
		};
		5CB6457921CCCFE60095DE78 /* SwiftAPIClientTests */ = {
			isa = PBXGroup;
			children = (
				5CB6457A21CCCFE60095DE78 /* SwiftAPIClientTests.swift */,
				5CB6457C21CCCFE60095DE78 /* Info.plist */,
			);
			path = SwiftAPIClientTests;
			sourceTree = "<group>";
		};
		5CB6458621CD233B0095DE78 /* Models */ = {
			isa = PBXGroup;
			children = (
				5CB6458721CD23630095DE78 /* User.swift */,
			);
			path = Models;
			sourceTree = "<group>";
		};
		5CB6458A21CE353C0095DE78 /* API */ = {
			isa = PBXGroup;
			children = (
				5CB6458B21CE41950095DE78 /* APIUser.swift */,
				5CB6458D21CE43910095DE78 /* API.swift */,
			);
			path = API;
			sourceTree = "<group>";
		};
		5CB6459121D1FD290095DE78 /* Views */ = {
			isa = PBXGroup;
			children = (
				5CB6459221D1FD5A0095DE78 /* UserFormViewController.swift */,
				5CB6459421D246290095DE78 /* UserDetailViewController.swift */,
			);
			path = Views;
			sourceTree = "<group>";
		};
		7A3CCB85372E1B239E014196 /* Frameworks */ = {
			isa = PBXGroup;
			children = (
				EA250CC7119C1AFC48E20511 /* Pods_SwiftAPIClient.framework */,
				89558A34D18BBCCE5C6320AA /* Pods_SwiftAPIClientTests.framework */,
			);
			name = Frameworks;
			sourceTree = "<group>";
		};
		C09FF41F009BDCB05A041522 /* Pods */ = {
			isa = PBXGroup;
			children = (
				67641883318E5A97BB8D15CD /* Pods-SwiftAPIClient.debug.xcconfig */,
				1DDC06CA753E1C70F8B91984 /* Pods-SwiftAPIClient.release.xcconfig */,
				C8C5E7F0143DDDF37A4B58C2 /* Pods-SwiftAPIClientTests.debug.xcconfig */,
				7A84E8F847535A7FAB653D15 /* Pods-SwiftAPIClientTests.release.xcconfig */,
			);
			name = Pods;
			sourceTree = "<group>";
		};
/* End PBXGroup section */

/* Begin PBXNativeTarget section */
		5CB6456121CCCFE30095DE78 /* SwiftAPIClient */ = {
			isa = PBXNativeTarget;
			buildConfigurationList = 5CB6457F21CCCFE60095DE78 /* Build configuration list for PBXNativeTarget "SwiftAPIClient" */;
			buildPhases = (
				BC93D047BA5C46C716031EA9 /* [CP] Check Pods Manifest.lock */,
				5CB6455E21CCCFE30095DE78 /* Sources */,
				5CB6455F21CCCFE30095DE78 /* Frameworks */,
				5CB6456021CCCFE30095DE78 /* Resources */,
				E86E0B83CBE7EE9C3DE345D1 /* [CP] Embed Pods Frameworks */,
			);
			buildRules = (
			);
			dependencies = (
			);
			name = SwiftAPIClient;
			productName = SwiftAPIClient;
			productReference = 5CB6456221CCCFE30095DE78 /* SwiftAPIClient.app */;
			productType = "com.apple.product-type.application";
		};
		5CB6457521CCCFE60095DE78 /* SwiftAPIClientTests */ = {
			isa = PBXNativeTarget;
			buildConfigurationList = 5CB6458221CCCFE60095DE78 /* Build configuration list for PBXNativeTarget "SwiftAPIClientTests" */;
			buildPhases = (
				F5AC1DED61257B9A58DE06A0 /* [CP] Check Pods Manifest.lock */,
				5CB6457221CCCFE60095DE78 /* Sources */,
				5CB6457321CCCFE60095DE78 /* Frameworks */,
				5CB6457421CCCFE60095DE78 /* Resources */,
			);
			buildRules = (
			);
			dependencies = (
				5CB6457821CCCFE60095DE78 /* PBXTargetDependency */,
			);
			name = SwiftAPIClientTests;
			productName = SwiftAPIClientTests;
			productReference = 5CB6457621CCCFE60095DE78 /* SwiftAPIClientTests.xctest */;
			productType = "com.apple.product-type.bundle.unit-test";
		};
/* End PBXNativeTarget section */

/* Begin PBXProject section */
		5CB6455A21CCCFE30095DE78 /* Project object */ = {
			isa = PBXProject;
			attributes = {
				LastSwiftUpdateCheck = 1010;
				LastUpgradeCheck = 1010;
				ORGANIZATIONNAME = naratti;
				TargetAttributes = {
					5CB6456121CCCFE30095DE78 = {
						CreatedOnToolsVersion = 10.1;
					};
					5CB6457521CCCFE60095DE78 = {
						CreatedOnToolsVersion = 10.1;
						TestTargetID = 5CB6456121CCCFE30095DE78;
					};
				};
			};
			buildConfigurationList = 5CB6455D21CCCFE30095DE78 /* Build configuration list for PBXProject "SwiftAPIClient" */;
			compatibilityVersion = "Xcode 9.3";
			developmentRegion = en;
			hasScannedForEncodings = 0;
			knownRegions = (
				en,
				Base,
			);
			mainGroup = 5CB6455921CCCFE30095DE78;
			productRefGroup = 5CB6456321CCCFE30095DE78 /* Products */;
			projectDirPath = "";
			projectRoot = "";
			targets = (
				5CB6456121CCCFE30095DE78 /* SwiftAPIClient */,
				5CB6457521CCCFE60095DE78 /* SwiftAPIClientTests */,
			);
		};
/* End PBXProject section */

/* Begin PBXResourcesBuildPhase section */
		5CB6456021CCCFE30095DE78 /* Resources */ = {
			isa = PBXResourcesBuildPhase;
			buildActionMask = 2147483647;
			files = (
				5CB6457021CCCFE60095DE78 /* LaunchScreen.storyboard in Resources */,
				5CB6456D21CCCFE60095DE78 /* Assets.xcassets in Resources */,
				5CB6456B21CCCFE30095DE78 /* Main.storyboard in Resources */,
			);
			runOnlyForDeploymentPostprocessing = 0;
		};
		5CB6457421CCCFE60095DE78 /* Resources */ = {
			isa = PBXResourcesBuildPhase;
			buildActionMask = 2147483647;
			files = (
			);
			runOnlyForDeploymentPostprocessing = 0;
		};
/* End PBXResourcesBuildPhase section */

/* Begin PBXShellScriptBuildPhase section */
		BC93D047BA5C46C716031EA9 /* [CP] Check Pods Manifest.lock */ = {
			isa = PBXShellScriptBuildPhase;
			buildActionMask = 2147483647;
			files = (
			);
			inputFileListPaths = (
			);
			inputPaths = (
				"${PODS_PODFILE_DIR_PATH}/Podfile.lock",
				"${PODS_ROOT}/Manifest.lock",
			);
			name = "[CP] Check Pods Manifest.lock";
			outputFileListPaths = (
			);
			outputPaths = (
				"$(DERIVED_FILE_DIR)/Pods-SwiftAPIClient-checkManifestLockResult.txt",
			);
			runOnlyForDeploymentPostprocessing = 0;
			shellPath = /bin/sh;
			shellScript = "diff \"${PODS_PODFILE_DIR_PATH}/Podfile.lock\" \"${PODS_ROOT}/Manifest.lock\" > /dev/null\nif [ $? != 0 ] ; then\n    # print error to STDERR\n    echo \"error: The sandbox is not in sync with the Podfile.lock. Run 'pod install' or update your CocoaPods installation.\" >&2\n    exit 1\nfi\n# This output is used by Xcode 'outputs' to avoid re-running this script phase.\necho \"SUCCESS\" > \"${SCRIPT_OUTPUT_FILE_0}\"\n";
			showEnvVarsInLog = 0;
		};
		E86E0B83CBE7EE9C3DE345D1 /* [CP] Embed Pods Frameworks */ = {
			isa = PBXShellScriptBuildPhase;
			buildActionMask = 2147483647;
			files = (
			);
			inputFileListPaths = (
			);
			inputPaths = (
				"${SRCROOT}/Pods/Target Support Files/Pods-SwiftAPIClient/Pods-SwiftAPIClient-frameworks.sh",
				"${BUILT_PRODUCTS_DIR}/Alamofire/Alamofire.framework",
			);
			name = "[CP] Embed Pods Frameworks";
			outputFileListPaths = (
			);
			outputPaths = (
				"${TARGET_BUILD_DIR}/${FRAMEWORKS_FOLDER_PATH}/Alamofire.framework",
			);
			runOnlyForDeploymentPostprocessing = 0;
			shellPath = /bin/sh;
			shellScript = "\"${SRCROOT}/Pods/Target Support Files/Pods-SwiftAPIClient/Pods-SwiftAPIClient-frameworks.sh\"\n";
			showEnvVarsInLog = 0;
		};
		F5AC1DED61257B9A58DE06A0 /* [CP] Check Pods Manifest.lock */ = {
			isa = PBXShellScriptBuildPhase;
			buildActionMask = 2147483647;
			files = (
			);
			inputFileListPaths = (
			);
			inputPaths = (
				"${PODS_PODFILE_DIR_PATH}/Podfile.lock",
				"${PODS_ROOT}/Manifest.lock",
			);
			name = "[CP] Check Pods Manifest.lock";
			outputFileListPaths = (
			);
			outputPaths = (
				"$(DERIVED_FILE_DIR)/Pods-SwiftAPIClientTests-checkManifestLockResult.txt",
			);
			runOnlyForDeploymentPostprocessing = 0;
			shellPath = /bin/sh;
			shellScript = "diff \"${PODS_PODFILE_DIR_PATH}/Podfile.lock\" \"${PODS_ROOT}/Manifest.lock\" > /dev/null\nif [ $? != 0 ] ; then\n    # print error to STDERR\n    echo \"error: The sandbox is not in sync with the Podfile.lock. Run 'pod install' or update your CocoaPods installation.\" >&2\n    exit 1\nfi\n# This output is used by Xcode 'outputs' to avoid re-running this script phase.\necho \"SUCCESS\" > \"${SCRIPT_OUTPUT_FILE_0}\"\n";
			showEnvVarsInLog = 0;
		};
/* End PBXShellScriptBuildPhase section */

/* Begin PBXSourcesBuildPhase section */
		5CB6455E21CCCFE30095DE78 /* Sources */ = {
			isa = PBXSourcesBuildPhase;
			buildActionMask = 2147483647;
			files = (
				5CB6459521D246290095DE78 /* UserDetailViewController.swift in Sources */,
				5CB6458C21CE41950095DE78 /* APIUser.swift in Sources */,
				5CB6456821CCCFE30095DE78 /* ViewController.swift in Sources */,
				5CB6456621CCCFE30095DE78 /* AppDelegate.swift in Sources */,
				5CB6458821CD23630095DE78 /* User.swift in Sources */,
				5CB6458E21CE43910095DE78 /* API.swift in Sources */,
				5CB6459321D1FD5A0095DE78 /* UserFormViewController.swift in Sources */,
			);
			runOnlyForDeploymentPostprocessing = 0;
		};
		5CB6457221CCCFE60095DE78 /* Sources */ = {
			isa = PBXSourcesBuildPhase;
			buildActionMask = 2147483647;
			files = (
				5CB6457B21CCCFE60095DE78 /* SwiftAPIClientTests.swift in Sources */,
			);
			runOnlyForDeploymentPostprocessing = 0;
		};
/* End PBXSourcesBuildPhase section */

/* Begin PBXTargetDependency section */
		5CB6457821CCCFE60095DE78 /* PBXTargetDependency */ = {
			isa = PBXTargetDependency;
			target = 5CB6456121CCCFE30095DE78 /* SwiftAPIClient */;
			targetProxy = 5CB6457721CCCFE60095DE78 /* PBXContainerItemProxy */;
		};
/* End PBXTargetDependency section */

/* Begin PBXVariantGroup section */
		5CB6456921CCCFE30095DE78 /* Main.storyboard */ = {
			isa = PBXVariantGroup;
			children = (
				5CB6456A21CCCFE30095DE78 /* Base */,
			);
			name = Main.storyboard;
			sourceTree = "<group>";
		};
		5CB6456E21CCCFE60095DE78 /* LaunchScreen.storyboard */ = {
			isa = PBXVariantGroup;
			children = (
				5CB6456F21CCCFE60095DE78 /* Base */,
			);
			name = LaunchScreen.storyboard;
			sourceTree = "<group>";
		};
/* End PBXVariantGroup section */

/* Begin XCBuildConfiguration section */
		5CB6457D21CCCFE60095DE78 /* Debug */ = {
			isa = XCBuildConfiguration;
			buildSettings = {
				ALWAYS_SEARCH_USER_PATHS = NO;
				CLANG_ANALYZER_NONNULL = YES;
				CLANG_ANALYZER_NUMBER_OBJECT_CONVERSION = YES_AGGRESSIVE;
				CLANG_CXX_LANGUAGE_STANDARD = "gnu++14";
				CLANG_CXX_LIBRARY = "libc++";
				CLANG_ENABLE_MODULES = YES;
				CLANG_ENABLE_OBJC_ARC = YES;
				CLANG_ENABLE_OBJC_WEAK = YES;
				CLANG_WARN_BLOCK_CAPTURE_AUTORELEASING = YES;
				CLANG_WARN_BOOL_CONVERSION = YES;
				CLANG_WARN_COMMA = YES;
				CLANG_WARN_CONSTANT_CONVERSION = YES;
				CLANG_WARN_DEPRECATED_OBJC_IMPLEMENTATIONS = YES;
				CLANG_WARN_DIRECT_OBJC_ISA_USAGE = YES_ERROR;
				CLANG_WARN_DOCUMENTATION_COMMENTS = YES;
				CLANG_WARN_EMPTY_BODY = YES;
				CLANG_WARN_ENUM_CONVERSION = YES;
				CLANG_WARN_INFINITE_RECURSION = YES;
				CLANG_WARN_INT_CONVERSION = YES;
				CLANG_WARN_NON_LITERAL_NULL_CONVERSION = YES;
				CLANG_WARN_OBJC_IMPLICIT_RETAIN_SELF = YES;
				CLANG_WARN_OBJC_LITERAL_CONVERSION = YES;
				CLANG_WARN_OBJC_ROOT_CLASS = YES_ERROR;
				CLANG_WARN_RANGE_LOOP_ANALYSIS = YES;
				CLANG_WARN_STRICT_PROTOTYPES = YES;
				CLANG_WARN_SUSPICIOUS_MOVE = YES;
				CLANG_WARN_UNGUARDED_AVAILABILITY = YES_AGGRESSIVE;
				CLANG_WARN_UNREACHABLE_CODE = YES;
				CLANG_WARN__DUPLICATE_METHOD_MATCH = YES;
				CODE_SIGN_IDENTITY = "iPhone Developer";
				COPY_PHASE_STRIP = NO;
				DEBUG_INFORMATION_FORMAT = dwarf;
				ENABLE_STRICT_OBJC_MSGSEND = YES;
				ENABLE_TESTABILITY = YES;
				GCC_C_LANGUAGE_STANDARD = gnu11;
				GCC_DYNAMIC_NO_PIC = NO;
				GCC_NO_COMMON_BLOCKS = YES;
				GCC_OPTIMIZATION_LEVEL = 0;
				GCC_PREPROCESSOR_DEFINITIONS = (
					"DEBUG=1",
					"$(inherited)",
				);
				GCC_WARN_64_TO_32_BIT_CONVERSION = YES;
				GCC_WARN_ABOUT_RETURN_TYPE = YES_ERROR;
				GCC_WARN_UNDECLARED_SELECTOR = YES;
				GCC_WARN_UNINITIALIZED_AUTOS = YES_AGGRESSIVE;
				GCC_WARN_UNUSED_FUNCTION = YES;
				GCC_WARN_UNUSED_VARIABLE = YES;
				IPHONEOS_DEPLOYMENT_TARGET = 12.1;
				MTL_ENABLE_DEBUG_INFO = INCLUDE_SOURCE;
				MTL_FAST_MATH = YES;
				ONLY_ACTIVE_ARCH = YES;
				SDKROOT = iphoneos;
				SWIFT_ACTIVE_COMPILATION_CONDITIONS = DEBUG;
				SWIFT_OPTIMIZATION_LEVEL = "-Onone";
			};
			name = Debug;
		};
		5CB6457E21CCCFE60095DE78 /* Release */ = {
			isa = XCBuildConfiguration;
			buildSettings = {
				ALWAYS_SEARCH_USER_PATHS = NO;
				CLANG_ANALYZER_NONNULL = YES;
				CLANG_ANALYZER_NUMBER_OBJECT_CONVERSION = YES_AGGRESSIVE;
				CLANG_CXX_LANGUAGE_STANDARD = "gnu++14";
				CLANG_CXX_LIBRARY = "libc++";
				CLANG_ENABLE_MODULES = YES;
				CLANG_ENABLE_OBJC_ARC = YES;
				CLANG_ENABLE_OBJC_WEAK = YES;
				CLANG_WARN_BLOCK_CAPTURE_AUTORELEASING = YES;
				CLANG_WARN_BOOL_CONVERSION = YES;
				CLANG_WARN_COMMA = YES;
				CLANG_WARN_CONSTANT_CONVERSION = YES;
				CLANG_WARN_DEPRECATED_OBJC_IMPLEMENTATIONS = YES;
				CLANG_WARN_DIRECT_OBJC_ISA_USAGE = YES_ERROR;
				CLANG_WARN_DOCUMENTATION_COMMENTS = YES;
				CLANG_WARN_EMPTY_BODY = YES;
				CLANG_WARN_ENUM_CONVERSION = YES;
				CLANG_WARN_INFINITE_RECURSION = YES;
				CLANG_WARN_INT_CONVERSION = YES;
				CLANG_WARN_NON_LITERAL_NULL_CONVERSION = YES;
				CLANG_WARN_OBJC_IMPLICIT_RETAIN_SELF = YES;
				CLANG_WARN_OBJC_LITERAL_CONVERSION = YES;
				CLANG_WARN_OBJC_ROOT_CLASS = YES_ERROR;
				CLANG_WARN_RANGE_LOOP_ANALYSIS = YES;
				CLANG_WARN_STRICT_PROTOTYPES = YES;
				CLANG_WARN_SUSPICIOUS_MOVE = YES;
				CLANG_WARN_UNGUARDED_AVAILABILITY = YES_AGGRESSIVE;
				CLANG_WARN_UNREACHABLE_CODE = YES;
				CLANG_WARN__DUPLICATE_METHOD_MATCH = YES;
				CODE_SIGN_IDENTITY = "iPhone Developer";
				COPY_PHASE_STRIP = NO;
				DEBUG_INFORMATION_FORMAT = "dwarf-with-dsym";
				ENABLE_NS_ASSERTIONS = NO;
				ENABLE_STRICT_OBJC_MSGSEND = YES;
				GCC_C_LANGUAGE_STANDARD = gnu11;
				GCC_NO_COMMON_BLOCKS = YES;
				GCC_WARN_64_TO_32_BIT_CONVERSION = YES;
				GCC_WARN_ABOUT_RETURN_TYPE = YES_ERROR;
				GCC_WARN_UNDECLARED_SELECTOR = YES;
				GCC_WARN_UNINITIALIZED_AUTOS = YES_AGGRESSIVE;
				GCC_WARN_UNUSED_FUNCTION = YES;
				GCC_WARN_UNUSED_VARIABLE = YES;
				IPHONEOS_DEPLOYMENT_TARGET = 12.1;
				MTL_ENABLE_DEBUG_INFO = NO;
				MTL_FAST_MATH = YES;
				SDKROOT = iphoneos;
				SWIFT_COMPILATION_MODE = wholemodule;
				SWIFT_OPTIMIZATION_LEVEL = "-O";
				VALIDATE_PRODUCT = YES;
			};
			name = Release;
		};
		5CB6458021CCCFE60095DE78 /* Debug */ = {
			isa = XCBuildConfiguration;
			baseConfigurationReference = 67641883318E5A97BB8D15CD /* Pods-SwiftAPIClient.debug.xcconfig */;
			buildSettings = {
				ASSETCATALOG_COMPILER_APPICON_NAME = AppIcon;
				CODE_SIGN_STYLE = Automatic;
				DEVELOPMENT_TEAM = P7K5AJXC64;
				INFOPLIST_FILE = SwiftAPIClient/Info.plist;
				LD_RUNPATH_SEARCH_PATHS = (
					"$(inherited)",
					"@executable_path/Frameworks",
				);
				PRODUCT_BUNDLE_IDENTIFIER = jp.nara.takumi.SwiftAPIClient;
				PRODUCT_NAME = "$(TARGET_NAME)";
				SWIFT_VERSION = 4.2;
				TARGETED_DEVICE_FAMILY = "1,2";
			};
			name = Debug;
		};
		5CB6458121CCCFE60095DE78 /* Release */ = {
			isa = XCBuildConfiguration;
			baseConfigurationReference = 1DDC06CA753E1C70F8B91984 /* Pods-SwiftAPIClient.release.xcconfig */;
			buildSettings = {
				ASSETCATALOG_COMPILER_APPICON_NAME = AppIcon;
				CODE_SIGN_STYLE = Automatic;
				DEVELOPMENT_TEAM = P7K5AJXC64;
				INFOPLIST_FILE = SwiftAPIClient/Info.plist;
				LD_RUNPATH_SEARCH_PATHS = (
					"$(inherited)",
					"@executable_path/Frameworks",
				);
				PRODUCT_BUNDLE_IDENTIFIER = jp.nara.takumi.SwiftAPIClient;
				PRODUCT_NAME = "$(TARGET_NAME)";
				SWIFT_VERSION = 4.2;
				TARGETED_DEVICE_FAMILY = "1,2";
			};
			name = Release;
		};
		5CB6458321CCCFE60095DE78 /* Debug */ = {
			isa = XCBuildConfiguration;
			baseConfigurationReference = C8C5E7F0143DDDF37A4B58C2 /* Pods-SwiftAPIClientTests.debug.xcconfig */;
			buildSettings = {
				ALWAYS_EMBED_SWIFT_STANDARD_LIBRARIES = YES;
				BUNDLE_LOADER = "$(TEST_HOST)";
				CODE_SIGN_STYLE = Automatic;
				DEVELOPMENT_TEAM = P7K5AJXC64;
				INFOPLIST_FILE = SwiftAPIClientTests/Info.plist;
				LD_RUNPATH_SEARCH_PATHS = (
					"$(inherited)",
					"@executable_path/Frameworks",
					"@loader_path/Frameworks",
				);
				PRODUCT_BUNDLE_IDENTIFIER = jp.nara.takumi.SwiftAPIClientTests;
				PRODUCT_NAME = "$(TARGET_NAME)";
				SWIFT_VERSION = 4.2;
				TARGETED_DEVICE_FAMILY = "1,2";
				TEST_HOST = "$(BUILT_PRODUCTS_DIR)/SwiftAPIClient.app/SwiftAPIClient";
			};
			name = Debug;
		};
		5CB6458421CCCFE60095DE78 /* Release */ = {
			isa = XCBuildConfiguration;
			baseConfigurationReference = 7A84E8F847535A7FAB653D15 /* Pods-SwiftAPIClientTests.release.xcconfig */;
			buildSettings = {
				ALWAYS_EMBED_SWIFT_STANDARD_LIBRARIES = YES;
				BUNDLE_LOADER = "$(TEST_HOST)";
				CODE_SIGN_STYLE = Automatic;
				DEVELOPMENT_TEAM = P7K5AJXC64;
				INFOPLIST_FILE = SwiftAPIClientTests/Info.plist;
				LD_RUNPATH_SEARCH_PATHS = (
					"$(inherited)",
					"@executable_path/Frameworks",
					"@loader_path/Frameworks",
				);
				PRODUCT_BUNDLE_IDENTIFIER = jp.nara.takumi.SwiftAPIClientTests;
				PRODUCT_NAME = "$(TARGET_NAME)";
				SWIFT_VERSION = 4.2;
				TARGETED_DEVICE_FAMILY = "1,2";
				TEST_HOST = "$(BUILT_PRODUCTS_DIR)/SwiftAPIClient.app/SwiftAPIClient";
			};
			name = Release;
		};
/* End XCBuildConfiguration section */

/* Begin XCConfigurationList section */
		5CB6455D21CCCFE30095DE78 /* Build configuration list for PBXProject "SwiftAPIClient" */ = {
			isa = XCConfigurationList;
			buildConfigurations = (
				5CB6457D21CCCFE60095DE78 /* Debug */,
				5CB6457E21CCCFE60095DE78 /* Release */,
			);
			defaultConfigurationIsVisible = 0;
			defaultConfigurationName = Release;
		};
		5CB6457F21CCCFE60095DE78 /* Build configuration list for PBXNativeTarget "SwiftAPIClient" */ = {
			isa = XCConfigurationList;
			buildConfigurations = (
				5CB6458021CCCFE60095DE78 /* Debug */,
				5CB6458121CCCFE60095DE78 /* Release */,
			);
			defaultConfigurationIsVisible = 0;
			defaultConfigurationName = Release;
		};
		5CB6458221CCCFE60095DE78 /* Build configuration list for PBXNativeTarget "SwiftAPIClientTests" */ = {
			isa = XCConfigurationList;
			buildConfigurations = (
				5CB6458321CCCFE60095DE78 /* Debug */,
				5CB6458421CCCFE60095DE78 /* Release */,
			);
			defaultConfigurationIsVisible = 0;
			defaultConfigurationName = Release;
		};
/* End XCConfigurationList section */
	};
	rootObject = 5CB6455A21CCCFE30095DE78 /* Project object */;
}
